{
  "name": "bk-monitor",
  "lockfileVersion": 3,
  "requires": true,
  "packages": {
    "": {
      "dependencies": {
        "three": "^0.172.0",
        "troika-three-text": "^0.52.3"
      }
    },
    "node_modules/bidi-js": {
      "version": "1.0.3",
      "resolved": "https://mirrors.tencent.com/npm/bidi-js/-/bidi-js-1.0.3.tgz",
      "integrity": "sha512-RKshQI1R3YQ+n9YJz2QQ147P66ELpa1FQEg20Dk8oW9t2KgLbpDLLp9aGZ7y8WHSshDknG0bknqGw5/tyCs5tw==",
      "dependencies": {
        "require-from-string": "^2.0.2"
      }
    },
    "node_modules/require-from-string": {
      "version": "2.0.2",
      "resolved": "https://mirrors.tencent.com/npm/require-from-string/-/require-from-string-2.0.2.tgz",
      "integrity": "sha512-Xf0nWe6RseziFMu+Ap9biiUbmplq6S9/p+7w7YXP/JBHhrUDDUhwa+vANyubuqfZWTveU//DYVGsDG7RKL/vEw==",
      "engines": {
        "node": ">=0.10.0"
      }
    },
    "node_modules/three": {
      "version": "0.172.0",
      "resolved": "https://mirrors.tencent.com/npm/three/-/three-0.172.0.tgz",
      "integrity": "sha512-6HMgMlzU97MsV7D/tY8Va38b83kz8YJX+BefKjspMNAv0Vx6dxMogHOrnRl/sbMIs3BPUKijPqDqJ/+UwJbIow=="
    },
    "node_modules/troika-three-text": {
      "version": "0.52.3",
      "resolved": "https://mirrors.tencent.com/npm/troika-three-text/-/troika-three-text-0.52.3.tgz",
      "integrity": "sha512-jLhiwgV8kEkwWjvK12f2fHVpbOC75p7SgPQ0cgcz+IMtN5Bdyg4EuFdwuTOVu9ga8UeYdKBpzd1AxviyixtYTQ==",
      "dependencies": {
        "bidi-js": "^1.0.2",
        "troika-three-utils": "^0.52.0",
        "troika-worker-utils": "^0.52.0",
        "webgl-sdf-generator": "1.1.1"
      },
      "peerDependencies": {
        "three": ">=0.125.0"
      }
    },
    "node_modules/troika-three-utils": {
      "version": "0.52.0",
      "resolved": "https://mirrors.tencent.com/npm/troika-three-utils/-/troika-three-utils-0.52.0.tgz",
      "integrity": "sha512-00oxqIIehtEKInOTQekgyknBuRUj1POfOUE2q1OmL+Xlpp4gIu+S0oA0schTyXsDS4d9DkR04iqCdD40rF5R6w==",
      "peerDependencies": {
        "three": ">=0.125.0"
      }
    },
    "node_modules/troika-worker-utils": {
      "version": "0.52.0",
      "resolved": "https://mirrors.tencent.com/npm/troika-worker-utils/-/troika-worker-utils-0.52.0.tgz",
      "integrity": "sha512-W1CpvTHykaPH5brv5VHLfQo9D1OYuo0cSBEUQFFT/nBUzM8iD6Lq2/tgG/f1OelbAS1WtaTPQzE5uM49egnngw=="
    },
    "node_modules/webgl-sdf-generator": {
      "version": "1.1.1",
      "resolved": "https://mirrors.tencent.com/npm/webgl-sdf-generator/-/webgl-sdf-generator-1.1.1.tgz",
      "integrity": "sha512-9Z0JcMTFxeE+b2x1LJTdnaT8rT8aEp7MVxkNwoycNmJWwPdzoXzMh0BjJSh/AEFP+KPYZUli814h8bJZFIZ2jA=="
    }
  }
}
